
Microsoft Visual Studio Solution File, Format Version 12.00
# Visual Studio Version 17
VisualStudioVersion = 17.10.35013.160
MinimumVisualStudioVersion = 10.0.40219.1
Project("{9A19103F-16F7-4668-BE54-9A1E7A4F7556}") = "P02_FootballBetting", "P02_FootballBetting\P02_FootballBetting.csproj", "{A6E0ECB7-3105-489C-B186-4E3E2A97A086}"
EndProject
Project("{FAE04EC0-301F-11D3-BF4B-00C04F79EFBC}") = "P02_FootballBetting.Data", "P02_FootballBetting.Data\P02_FootballBetting.Data.csproj", "{EA0F0B4E-744A-4356-8606-06C96A0B279A}"
EndProject
Project("{FAE04EC0-301F-11D3-BF4B-00C04F79EFBC}") = "P02_FootballBetting.Data.Models", "P02_FootballBetting.Data.Models\P02_FootballBetting.Data.Models.csproj", "{C862CBA9-7326-4C0A-A494-02C3F7A129A5}"
EndProject
Global
	GlobalSection(SolutionConfigurationPlatforms) = preSolution
		Debug|Any CPU = Debug|Any CPU
		Release|Any CPU = Release|Any CPU
	EndGlobalSection
	GlobalSection(ProjectConfigurationPlatforms) = postSolution
		{A6E0ECB7-3105-489C-B186-4E3E2A97A086}.Debug|Any CPU.ActiveCfg = Debug|Any CPU
		{A6E0ECB7-3105-489C-B186-4E3E2A97A086}.Debug|Any CPU.Build.0 = Debug|Any CPU
		{A6E0ECB7-3105-489C-B186-4E3E2A97A086}.Release|Any CPU.ActiveCfg = Release|Any CPU
		{A6E0ECB7-3105-489C-B186-4E3E2A97A086}.Release|Any CPU.Build.0 = Release|Any CPU
		{EA0F0B4E-744A-4356-8606-06C96A0B279A}.Debug|Any CPU.ActiveCfg = Debug|Any CPU
		{EA0F0B4E-744A-4356-8606-06C96A0B279A}.Debug|Any CPU.Build.0 = Debug|Any CPU
		{EA0F0B4E-744A-4356-8606-06C96A0B279A}.Release|Any CPU.ActiveCfg = Release|Any CPU
		{EA0F0B4E-744A-4356-8606-06C96A0B279A}.Release|Any CPU.Build.0 = Release|Any CPU
		{C862CBA9-7326-4C0A-A494-02C3F7A129A5}.Debug|Any CPU.ActiveCfg = Debug|Any CPU
		{C862CBA9-7326-4C0A-A494-02C3F7A129A5}.Debug|Any CPU.Build.0 = Debug|Any CPU
		{C862CBA9-7326-4C0A-A494-02C3F7A129A5}.Release|Any CPU.ActiveCfg = Release|Any CPU
		{C862CBA9-7326-4C0A-A494-02C3F7A129A5}.Release|Any CPU.Build.0 = Release|Any CPU
	EndGlobalSection
	GlobalSection(SolutionProperties) = preSolution
		HideSolutionNode = FALSE
	EndGlobalSection
	GlobalSection(ExtensibilityGlobals) = postSolution
		SolutionGuid = {8DFC0261-4940-4CD2-A8FD-7F3F92D53353}
	EndGlobalSection
EndGlobal
