
Microsoft Visual Studio Solution File, Format Version 12.00
# Visual Studio Version 17
VisualStudioVersion = 17.4.33205.214
MinimumVisualStudioVersion = 10.0.40219.1
Project("{9A19103F-16F7-4668-BE54-9A1E7A4F7556}") = "TestProject", "TestProject\TestProject.csproj", "{70E85250-0EDD-4305-BE11-DD57799BBAAB}"
EndProject
Project("{FAE04EC0-301F-11D3-BF4B-00C04F79EFBC}") = "ProductShopTest", "ProductShopTest\ProductShopTest.csproj", "{ADA88A87-2E8F-4008-A700-4EECBD481FAC}"
EndProject
Global
	GlobalSection(SolutionConfigurationPlatforms) = preSolution
		Debug|Any CPU = Debug|Any CPU
		Release|Any CPU = Release|Any CPU
	EndGlobalSection
	GlobalSection(ProjectConfigurationPlatforms) = postSolution
		{70E85250-0EDD-4305-BE11-DD57799BBAAB}.Debug|Any CPU.ActiveCfg = Debug|Any CPU
		{70E85250-0EDD-4305-BE11-DD57799BBAAB}.Debug|Any CPU.Build.0 = Debug|Any CPU
		{70E85250-0EDD-4305-BE11-DD57799BBAAB}.Release|Any CPU.ActiveCfg = Release|Any CPU
		{70E85250-0EDD-4305-BE11-DD57799BBAAB}.Release|Any CPU.Build.0 = Release|Any CPU
		{ADA88A87-2E8F-4008-A700-4EECBD481FAC}.Debug|Any CPU.ActiveCfg = Debug|Any CPU
		{ADA88A87-2E8F-4008-A700-4EECBD481FAC}.Debug|Any CPU.Build.0 = Debug|Any CPU
		{ADA88A87-2E8F-4008-A700-4EECBD481FAC}.Release|Any CPU.ActiveCfg = Release|Any CPU
		{ADA88A87-2E8F-4008-A700-4EECBD481FAC}.Release|Any CPU.Build.0 = Release|Any CPU
	EndGlobalSection
	GlobalSection(SolutionProperties) = preSolution
		HideSolutionNode = FALSE
	EndGlobalSection
	GlobalSection(ExtensibilityGlobals) = postSolution
		SolutionGuid = {129C6D7F-CDE5-41C0-BBAE-3BE712E95132}
	EndGlobalSection
EndGlobal
