
Microsoft Visual Studio Solution File, Format Version 12.00
# Visual Studio Version 17
VisualStudioVersion = 17.10.35013.160
MinimumVisualStudioVersion = 10.0.40219.1
Project("{FAE04EC0-301F-11D3-BF4B-00C04F79EFBC}") = "SoftUni", "SoftUni\SoftUni.csproj", "{FFA810CE-4DB3-4BDF-B139-F5C05F117229}"
EndProject
Global
	GlobalSection(SolutionConfigurationPlatforms) = preSolution
		Debug|Any CPU = Debug|Any CPU
		Release|Any CPU = Release|Any CPU
	EndGlobalSection
	GlobalSection(ProjectConfigurationPlatforms) = postSolution
		{FFA810CE-4DB3-4BDF-B139-F5C05F117229}.Debug|Any CPU.ActiveCfg = Debug|Any CPU
		{FFA810CE-4DB3-4BDF-B139-F5C05F117229}.Debug|Any CPU.Build.0 = Debug|Any CPU
		{FFA810CE-4DB3-4BDF-B139-F5C05F117229}.Release|Any CPU.ActiveCfg = Release|Any CPU
		{FFA810CE-4DB3-4BDF-B139-F5C05F117229}.Release|Any CPU.Build.0 = Release|Any CPU
	EndGlobalSection
	GlobalSection(SolutionProperties) = preSolution
		HideSolutionNode = FALSE
	EndGlobalSection
	GlobalSection(ExtensibilityGlobals) = postSolution
		SolutionGuid = {723148C9-BBDD-45E2-91A8-6B8BF9ADFB4F}
	EndGlobalSection
EndGlobal
