
Microsoft Visual Studio Solution File, Format Version 12.00
# Visual Studio Version 17
VisualStudioVersion = 17.10.35013.160
MinimumVisualStudioVersion = 10.0.40219.1
Project("{FAE04EC0-301F-11D3-BF4B-00C04F79EFBC}") = "Demo_Ado.Net", "Demo_Ado.Net\Demo_Ado.Net.csproj", "{B0DC73A4-0936-459E-93E5-BCC862AD8564}"
EndProject
Global
	GlobalSection(SolutionConfigurationPlatforms) = preSolution
		Debug|Any CPU = Debug|Any CPU
		Release|Any CPU = Release|Any CPU
	EndGlobalSection
	GlobalSection(ProjectConfigurationPlatforms) = postSolution
		{B0DC73A4-0936-459E-93E5-BCC862AD8564}.Debug|Any CPU.ActiveCfg = Debug|Any CPU
		{B0DC73A4-0936-459E-93E5-BCC862AD8564}.Debug|Any CPU.Build.0 = Debug|Any CPU
		{B0DC73A4-0936-459E-93E5-BCC862AD8564}.Release|Any CPU.ActiveCfg = Release|Any CPU
		{B0DC73A4-0936-459E-93E5-BCC862AD8564}.Release|Any CPU.Build.0 = Release|Any CPU
	EndGlobalSection
	GlobalSection(SolutionProperties) = preSolution
		HideSolutionNode = FALSE
	EndGlobalSection
	GlobalSection(ExtensibilityGlobals) = postSolution
		SolutionGuid = {EFD5243A-9B41-4A86-B3FB-7236025FED43}
	EndGlobalSection
EndGlobal
